
Microsoft Visual Studio Solution File, Format Version 12.00
# Visual Studio 2013
VisualStudioVersion = 12.0.21005.1
MinimumVisualStudioVersion = 10.0.40219.1
Project("{FAE04EC0-301F-11D3-BF4B-00C04F79EFBC}") = "MongoDBLootSession.Web", "MongoDBLootSession\MongoDBLootSession.Web.csproj", "{6B6F0A67-3A19-4E10-9AB1-484066F41572}"
EndProject
Project("{FAE04EC0-301F-11D3-BF4B-00C04F79EFBC}") = "MongoDBLootSession.Model", "MongoDBLootSession.Model\MongoDBLootSession.Model.csproj", "{061A7913-6DA6-406A-A47B-0D3E64FE8DE5}"
EndProject
Global
	GlobalSection(SolutionConfigurationPlatforms) = preSolution
		Debug|Any CPU = Debug|Any CPU
		Release|Any CPU = Release|Any CPU
	EndGlobalSection
	GlobalSection(ProjectConfigurationPlatforms) = postSolution
		{6B6F0A67-3A19-4E10-9AB1-484066F41572}.Debug|Any CPU.ActiveCfg = Debug|Any CPU
		{6B6F0A67-3A19-4E10-9AB1-484066F41572}.Debug|Any CPU.Build.0 = Debug|Any CPU
		{6B6F0A67-3A19-4E10-9AB1-484066F41572}.Release|Any CPU.ActiveCfg = Release|Any CPU
		{6B6F0A67-3A19-4E10-9AB1-484066F41572}.Release|Any CPU.Build.0 = Release|Any CPU
		{061A7913-6DA6-406A-A47B-0D3E64FE8DE5}.Debug|Any CPU.ActiveCfg = Debug|Any CPU
		{061A7913-6DA6-406A-A47B-0D3E64FE8DE5}.Debug|Any CPU.Build.0 = Debug|Any CPU
		{061A7913-6DA6-406A-A47B-0D3E64FE8DE5}.Release|Any CPU.ActiveCfg = Release|Any CPU
		{061A7913-6DA6-406A-A47B-0D3E64FE8DE5}.Release|Any CPU.Build.0 = Release|Any CPU
	EndGlobalSection
	GlobalSection(SolutionProperties) = preSolution
		HideSolutionNode = FALSE
	EndGlobalSection
EndGlobal
